// !$*UTF8*$!
{
	archiveVersion = 1;
	classes = {
	};
	objectVersion = 46;
	objects = {

/* Begin PBXBuildFile section */
		8D2676EC1CAFE3EE00843903 /* Default-568h@2x.png in Resources */ = {isa = PBXBuildFile; fileRef = 8D2676EB1CAFE3EE00843903 /* Default-568h@2x.png */; };
		CEF6DF161563248A007CA86C /* UIKit.framework in Frameworks */ = {isa = PBXBuildFile; fileRef = CEF6DF151563248A007CA86C /* UIKit.framework */; };
		CEF6DF181563248A007CA86C /* Foundation.framework in Frameworks */ = {isa = PBXBuildFile; fileRef = CEF6DF171563248A007CA86C /* Foundation.framework */; };
		CEF6DF1A1563248A007CA86C /* CoreGraphics.framework in Frameworks */ = {isa = PBXBuildFile; fileRef = CEF6DF191563248A007CA86C /* CoreGraphics.framework */; };
		CEF6DF1F1563248A007CA86C /* InfoPlist.strings in Resources */ = {isa = PBXBuildFile; fileRef = CEF6DF1D1563248A007CA86C /* InfoPlist.strings */; };
		CEF6DF211563248A007CA86C /* HelloWorld-main.m in Sources */ = {isa = PBXBuildFile; fileRef = CEF6DF201563248A007CA86C /* HelloWorld-main.m */; };
		CEF6DF241563248A007CA86C /* HelloWorldAppDelegate.m in Sources */ = {isa = PBXBuildFile; fileRef = CEF6DF231563248A007CA86C /* HelloWorldAppDelegate.m */; };
		CEF6DF271563248B007CA86C /* MainWindow.xib in Resources */ = {isa = PBXBuildFile; fileRef = CEF6DF251563248A007CA86C /* MainWindow.xib */; };
		CEF6DF2A1563248B007CA86C /* HelloWorldViewController.m in Sources */ = {isa = PBXBuildFile; fileRef = CEF6DF291563248B007CA86C /* HelloWorldViewController.m */; };
		CEF6DF2D1563248B007CA86C /* HelloWorldViewController.xib in Resources */ = {isa = PBXBuildFile; fileRef = CEF6DF2B1563248B007CA86C /* HelloWorldViewController.xib */; };
/* End PBXBuildFile section */

/* Begin PBXFileReference section */
		8D2676EB1CAFE3EE00843903 /* Default-568h@2x.png */ = {isa = PBXFileReference; lastKnownFileType = image.png; path = "Default-568h@2x.png"; sourceTree = "<group>"; };
		CEF6DF121563248A007CA86C /* HelloWorld.app */ = {isa = PBXFileReference; explicitFileType = wrapper.application; includeInIndex = 0; path = HelloWorld.app; sourceTree = BUILT_PRODUCTS_DIR; };
		CEF6DF151563248A007CA86C /* UIKit.framework */ = {isa = PBXFileReference; lastKnownFileType = wrapper.framework; name = UIKit.framework; path = System/Library/Frameworks/UIKit.framework; sourceTree = SDKROOT; };
		CEF6DF171563248A007CA86C /* Foundation.framework */ = {isa = PBXFileReference; lastKnownFileType = wrapper.framework; name = Foundation.framework; path = System/Library/Frameworks/Foundation.framework; sourceTree = SDKROOT; };
		CEF6DF191563248A007CA86C /* CoreGraphics.framework */ = {isa = PBXFileReference; lastKnownFileType = wrapper.framework; name = CoreGraphics.framework; path = System/Library/Frameworks/CoreGraphics.framework; sourceTree = SDKROOT; };
		CEF6DF1B1563248A007CA86C /* HelloWorld-Info.plist */ = {isa = PBXFileReference; lastKnownFileType = text.plist.xml; path = "HelloWorld-Info.plist"; sourceTree = "<group>"; };
		CEF6DF1C1563248A007CA86C /* HelloWorld-Prefix.pch */ = {isa = PBXFileReference; lastKnownFileType = sourcecode.c.h; path = "HelloWorld-Prefix.pch"; sourceTree = "<group>"; };
		CEF6DF1E1563248A007CA86C /* en */ = {isa = PBXFileReference; lastKnownFileType = text.plist.strings; name = en; path = en.lproj/InfoPlist.strings; sourceTree = "<group>"; };
		CEF6DF201563248A007CA86C /* HelloWorld-main.m */ = {isa = PBXFileReference; lastKnownFileType = sourcecode.c.objc; path = "HelloWorld-main.m"; sourceTree = "<group>"; };
		CEF6DF221563248A007CA86C /* HelloWorldAppDelegate.h */ = {isa = PBXFileReference; lastKnownFileType = sourcecode.c.h; path = HelloWorldAppDelegate.h; sourceTree = "<group>"; };
		CEF6DF231563248A007CA86C /* HelloWorldAppDelegate.m */ = {isa = PBXFileReference; lastKnownFileType = sourcecode.c.objc; path = HelloWorldAppDelegate.m; sourceTree = "<group>"; };
		CEF6DF261563248B007CA86C /* en */ = {isa = PBXFileReference; lastKnownFileType = file.xib; name = en; path = en.lproj/MainWindow.xib; sourceTree = "<group>"; };
		CEF6DF281563248B007CA86C /* HelloWorldViewController.h */ = {isa = PBXFileReference; lastKnownFileType = sourcecode.c.h; path = HelloWorldViewController.h; sourceTree = "<group>"; };
		CEF6DF291563248B007CA86C /* HelloWorldViewController.m */ = {isa = PBXFileReference; lastKnownFileType = sourcecode.c.objc; path = HelloWorldViewController.m; sourceTree = "<group>"; };
		CEF6DF2C1563248B007CA86C /* en */ = {isa = PBXFileReference; lastKnownFileType = file.xib; name = en; path = en.lproj/HelloWorldViewController.xib; sourceTree = "<group>"; };
/* End PBXFileReference section */

/* Begin PBXFrameworksBuildPhase section */
		CEF6DF0F1563248A007CA86C /* Frameworks */ = {
			isa = PBXFrameworksBuildPhase;
			buildActionMask = 2147483647;
			files = (
				CEF6DF161563248A007CA86C /* UIKit.framework in Frameworks */,
				CEF6DF181563248A007CA86C /* Foundation.framework in Frameworks */,
				CEF6DF1A1563248A007CA86C /* CoreGraphics.framework in Frameworks */,
			);
			runOnlyForDeploymentPostprocessing = 0;
		};
/* End PBXFrameworksBuildPhase section */

/* Begin PBXGroup section */
		CEF6DF031563248A007CA86C = {
			isa = PBXGroup;
			children = (
				8D2676EB1CAFE3EE00843903 /* Default-568h@2x.png */,
				CEF6DF0A1563248A007CA86C /* Classes */,
				CEF6DF0B1563248A007CA86C /* Other Sources */,
				CEF6DF0C1563248A007CA86C /* Resources */,
				CEF6DF0D1563248A007CA86C /* Frameworks */,
				CEF6DF131563248A007CA86C /* Products */,
			);
			sourceTree = "<group>";
		};
		CEF6DF0A1563248A007CA86C /* Classes */ = {
			isa = PBXGroup;
			children = (
				CEF6DF221563248A007CA86C /* HelloWorldAppDelegate.h */,
				CEF6DF231563248A007CA86C /* HelloWorldAppDelegate.m */,
				CEF6DF281563248B007CA86C /* HelloWorldViewController.h */,
				CEF6DF291563248B007CA86C /* HelloWorldViewController.m */,
			);
			path = Classes;
			sourceTree = "<group>";
		};
		CEF6DF0B1563248A007CA86C /* Other Sources */ = {
			isa = PBXGroup;
			children = (
				CEF6DF1C1563248A007CA86C /* HelloWorld-Prefix.pch */,
				CEF6DF201563248A007CA86C /* HelloWorld-main.m */,
			);
			name = "Other Sources";
			sourceTree = "<group>";
		};
		CEF6DF0C1563248A007CA86C /* Resources */ = {
			isa = PBXGroup;
			children = (
				CEF6DF1B1563248A007CA86C /* HelloWorld-Info.plist */,
				CEF6DF1D1563248A007CA86C /* InfoPlist.strings */,
				CEF6DF251563248A007CA86C /* MainWindow.xib */,
				CEF6DF2B1563248B007CA86C /* HelloWorldViewController.xib */,
			);
			name = Resources;
			sourceTree = "<group>";
		};
		CEF6DF0D1563248A007CA86C /* Frameworks */ = {
			isa = PBXGroup;
			children = (
				CEF6DF151563248A007CA86C /* UIKit.framework */,
				CEF6DF171563248A007CA86C /* Foundation.framework */,
				CEF6DF191563248A007CA86C /* CoreGraphics.framework */,
			);
			name = Frameworks;
			sourceTree = "<group>";
		};
		CEF6DF131563248A007CA86C /* Products */ = {
			isa = PBXGroup;
			children = (
				CEF6DF121563248A007CA86C /* HelloWorld.app */,
			);
			name = Products;
			sourceTree = "<group>";
		};
/* End PBXGroup section */

/* Begin PBXNativeTarget section */
		CEF6DF111563248A007CA86C /* HelloWorld */ = {
			isa = PBXNativeTarget;
			buildConfigurationList = CEF6DF301563248B007CA86C /* Build configuration list for PBXNativeTarget "HelloWorld" */;
			buildPhases = (
				CEF6DF0E1563248A007CA86C /* Sources */,
				CEF6DF0F1563248A007CA86C /* Frameworks */,
				CEF6DF101563248A007CA86C /* Resources */,
			);
			buildRules = (
			);
			dependencies = (
			);
			name = HelloWorld;
			productName = HelloWorld;
			productReference = CEF6DF121563248A007CA86C /* HelloWorld.app */;
			productType = "com.apple.product-type.application";
		};
/* End PBXNativeTarget section */

/* Begin PBXProject section */
		CEF6DF051563248A007CA86C /* Project object */ = {
			isa = PBXProject;
			attributes = {
				LastUpgradeCheck = 0730;
			};
			buildConfigurationList = CEF6DF081563248A007CA86C /* Build configuration list for PBXProject "HelloWorld" */;
			compatibilityVersion = "Xcode 3.2";
			developmentRegion = English;
			hasScannedForEncodings = 0;
			knownRegions = (
				en,
			);
			mainGroup = CEF6DF031563248A007CA86C;
			productRefGroup = CEF6DF131563248A007CA86C /* Products */;
			projectDirPath = "";
			projectRoot = "";
			targets = (
				CEF6DF111563248A007CA86C /* HelloWorld */,
			);
		};
/* End PBXProject section */

/* Begin PBXResourcesBuildPhase section */
		CEF6DF101563248A007CA86C /* Resources */ = {
			isa = PBXResourcesBuildPhase;
			buildActionMask = 2147483647;
			files = (
				CEF6DF1F1563248A007CA86C /* InfoPlist.strings in Resources */,
				8D2676EC1CAFE3EE00843903 /* Default-568h@2x.png in Resources */,
				CEF6DF271563248B007CA86C /* MainWindow.xib in Resources */,
				CEF6DF2D1563248B007CA86C /* HelloWorldViewController.xib in Resources */,
			);
			runOnlyForDeploymentPostprocessing = 0;
		};
/* End PBXResourcesBuildPhase section */

/* Begin PBXSourcesBuildPhase section */
		CEF6DF0E1563248A007CA86C /* Sources */ = {
			isa = PBXSourcesBuildPhase;
			buildActionMask = 2147483647;
			files = (
				CEF6DF211563248A007CA86C /* HelloWorld-main.m in Sources */,
				CEF6DF241563248A007CA86C /* HelloWorldAppDelegate.m in Sources */,
				CEF6DF2A1563248B007CA86C /* HelloWorldViewController.m in Sources */,
			);
			runOnlyForDeploymentPostprocessing = 0;
		};
/* End PBXSourcesBuildPhase section */

/* Begin PBXVariantGroup section */
		CEF6DF1D1563248A007CA86C /* InfoPlist.strings */ = {
			isa = PBXVariantGroup;
			children = (
				CEF6DF1E1563248A007CA86C /* en */,
			);
			name = InfoPlist.strings;
			sourceTree = "<group>";
		};
		CEF6DF251563248A007CA86C /* MainWindow.xib */ = {
			isa = PBXVariantGroup;
			children = (
				CEF6DF261563248B007CA86C /* en */,
			);
			name = MainWindow.xib;
			sourceTree = "<group>";
		};
		CEF6DF2B1563248B007CA86C /* HelloWorldViewController.xib */ = {
			isa = PBXVariantGroup;
			children = (
				CEF6DF2C1563248B007CA86C /* en */,
			);
			name = HelloWorldViewController.xib;
			sourceTree = "<group>";
		};
/* End PBXVariantGroup section */

/* Begin XCBuildConfiguration section */
		CEF6DF2E1563248B007CA86C /* Debug */ = {
			isa = XCBuildConfiguration;
			buildSettings = {
				"CODE_SIGN_IDENTITY[sdk=iphoneos*]" = "iPhone Developer";
				ENABLE_TESTABILITY = YES;
				GCC_C_LANGUAGE_STANDARD = gnu99;
				GCC_OPTIMIZATION_LEVEL = 0;
				GCC_PREPROCESSOR_DEFINITIONS = DEBUG;
				GCC_WARN_ABOUT_RETURN_TYPE = YES;
				GCC_WARN_UNUSED_VARIABLE = YES;
				IPHONEOS_DEPLOYMENT_TARGET = 7.1;
				ONLY_ACTIVE_ARCH = YES;
				PREBINDING = NO;
				SDKROOT = iphoneos;
			};
			name = Debug;
		};
		CEF6DF2F1563248B007CA86C /* Release */ = {
			isa = XCBuildConfiguration;
			buildSettings = {
				"CODE_SIGN_IDENTITY[sdk=iphoneos*]" = "iPhone Developer";
				GCC_C_LANGUAGE_STANDARD = gnu99;
				GCC_WARN_ABOUT_RETURN_TYPE = YES;
				GCC_WARN_UNUSED_VARIABLE = YES;
				IPHONEOS_DEPLOYMENT_TARGET = 7.1;
				OTHER_CFLAGS = "-DNS_BLOCK_ASSERTIONS=1";
				PREBINDING = NO;
				SDKROOT = iphoneos;
			};
			name = Release;
		};
		CEF6DF311563248B007CA86C /* Debug */ = {
			isa = XCBuildConfiguration;
			buildSettings = {
				ALWAYS_SEARCH_USER_PATHS = NO;
				COPY_PHASE_STRIP = NO;
				GCC_DYNAMIC_NO_PIC = NO;
				GCC_PRECOMPILE_PREFIX_HEADER = YES;
				GCC_PREFIX_HEADER = "HelloWorld-Prefix.pch";
				INFOPLIST_FILE = "HelloWorld-Info.plist";
				IPHONEOS_DEPLOYMENT_TARGET = 8.1;
				PRODUCT_BUNDLE_IDENTIFIER = "MacCourse.${PRODUCT_NAME:rfc1034identifier}";
				PRODUCT_NAME = "$(TARGET_NAME)";
				WRAPPER_EXTENSION = app;
			};
			name = Debug;
		};
		CEF6DF321563248B007CA86C /* Release */ = {
			isa = XCBuildConfiguration;
			buildSettings = {
				ALWAYS_SEARCH_USER_PATHS = NO;
				COPY_PHASE_STRIP = YES;
				GCC_PRECOMPILE_PREFIX_HEADER = YES;
				GCC_PREFIX_HEADER = "HelloWorld-Prefix.pch";
				INFOPLIST_FILE = "HelloWorld-Info.plist";
				IPHONEOS_DEPLOYMENT_TARGET = 8.1;
				PRODUCT_BUNDLE_IDENTIFIER = "MacCourse.${PRODUCT_NAME:rfc1034identifier}";
				PRODUCT_NAME = "$(TARGET_NAME)";
				VALIDATE_PRODUCT = YES;
				WRAPPER_EXTENSION = app;
			};
			name = Release;
		};
/* End XCBuildConfiguration section */

/* Begin XCConfigurationList section */
		CEF6DF081563248A007CA86C /* Build configuration list for PBXProject "HelloWorld" */ = {
			isa = XCConfigurationList;
			buildConfigurations = (
				CEF6DF2E1563248B007CA86C /* Debug */,
				CEF6DF2F1563248B007CA86C /* Release */,
			);
			defaultConfigurationIsVisible = 0;
			defaultConfigurationName = Release;
		};
		CEF6DF301563248B007CA86C /* Build configuration list for PBXNativeTarget "HelloWorld" */ = {
			isa = XCConfigurationList;
			buildConfigurations = (
				CEF6DF311563248B007CA86C /* Debug */,
				CEF6DF321563248B007CA86C /* Release */,
			);
			defaultConfigurationIsVisible = 0;
			defaultConfigurationName = Release;
		};
/* End XCConfigurationList section */
	};
	rootObject = CEF6DF051563248A007CA86C /* Project object */;
}
