// !$*UTF8*$!
{
	archiveVersion = 1;
	classes = {
	};
	objectVersion = 46;
	objects = {

/* Begin PBXBuildFile section */
		8DB71EA01CAF72F4006F0130 /* Default-568h@2x.png in Resources */ = {isa = PBXBuildFile; fileRef = 8DB71E9F1CAF72F4006F0130 /* Default-568h@2x.png */; };
		CE40B44016EE156900B14200 /* UIKit.framework in Frameworks */ = {isa = PBXBuildFile; fileRef = CE40B43F16EE156900B14200 /* UIKit.framework */; };
		CE40B44216EE156900B14200 /* Foundation.framework in Frameworks */ = {isa = PBXBuildFile; fileRef = CE40B44116EE156900B14200 /* Foundation.framework */; };
		CE40B44416EE156900B14200 /* CoreGraphics.framework in Frameworks */ = {isa = PBXBuildFile; fileRef = CE40B44316EE156900B14200 /* CoreGraphics.framework */; };
		CE40B44616EE156900B14200 /* CoreData.framework in Frameworks */ = {isa = PBXBuildFile; fileRef = CE40B44516EE156900B14200 /* CoreData.framework */; };
		CE40B44B16EE156900B14200 /* InfoPlist.strings in Resources */ = {isa = PBXBuildFile; fileRef = CE40B44916EE156900B14200 /* InfoPlist.strings */; };
		CE40B44D16EE156900B14200 /* ExampleJSON-main.m in Sources */ = {isa = PBXBuildFile; fileRef = CE40B44C16EE156900B14200 /* ExampleJSON-main.m */; };
		CE40B45016EE156900B14200 /* ExampleJSONAppDelegate.m in Sources */ = {isa = PBXBuildFile; fileRef = CE40B44F16EE156900B14200 /* ExampleJSONAppDelegate.m */; };
		CE40B45216EE156900B14200 /* ExampleJSON.xcdatamodel in Sources */ = {isa = PBXBuildFile; fileRef = CE40B45116EE156900B14200 /* ExampleJSON.xcdatamodel */; };
		CE40B45516EE156900B14200 /* MainWindow.xib in Resources */ = {isa = PBXBuildFile; fileRef = CE40B45316EE156900B14200 /* MainWindow.xib */; };
		CE40B45816EE156900B14200 /* RootViewController.m in Sources */ = {isa = PBXBuildFile; fileRef = CE40B45716EE156900B14200 /* RootViewController.m */; };
		CE40B45B16EE156900B14200 /* RootViewController.xib in Resources */ = {isa = PBXBuildFile; fileRef = CE40B45916EE156900B14200 /* RootViewController.xib */; };
		CE40B46E16EE158600B14200 /* NSObject+SBJSON.m in Sources */ = {isa = PBXBuildFile; fileRef = CE40B46316EE158600B14200 /* NSObject+SBJSON.m */; };
		CE40B46F16EE158600B14200 /* NSString+SBJSON.m in Sources */ = {isa = PBXBuildFile; fileRef = CE40B46516EE158600B14200 /* NSString+SBJSON.m */; };
		CE40B47016EE158600B14200 /* SBJSON.m in Sources */ = {isa = PBXBuildFile; fileRef = CE40B46716EE158600B14200 /* SBJSON.m */; };
		CE40B47116EE158600B14200 /* SBJsonBase.m in Sources */ = {isa = PBXBuildFile; fileRef = CE40B46916EE158600B14200 /* SBJsonBase.m */; };
		CE40B47216EE158600B14200 /* SBJsonParser.m in Sources */ = {isa = PBXBuildFile; fileRef = CE40B46B16EE158600B14200 /* SBJsonParser.m */; };
		CE40B47316EE158600B14200 /* SBJsonWriter.m in Sources */ = {isa = PBXBuildFile; fileRef = CE40B46D16EE158600B14200 /* SBJsonWriter.m */; };
/* End PBXBuildFile section */

/* Begin PBXFileReference section */
		8DB71E9F1CAF72F4006F0130 /* Default-568h@2x.png */ = {isa = PBXFileReference; lastKnownFileType = image.png; path = "Default-568h@2x.png"; sourceTree = "<group>"; };
		CE40B43C16EE156900B14200 /* ExampleJSON.app */ = {isa = PBXFileReference; explicitFileType = wrapper.application; includeInIndex = 0; path = ExampleJSON.app; sourceTree = BUILT_PRODUCTS_DIR; };
		CE40B43F16EE156900B14200 /* UIKit.framework */ = {isa = PBXFileReference; lastKnownFileType = wrapper.framework; name = UIKit.framework; path = System/Library/Frameworks/UIKit.framework; sourceTree = SDKROOT; };
		CE40B44116EE156900B14200 /* Foundation.framework */ = {isa = PBXFileReference; lastKnownFileType = wrapper.framework; name = Foundation.framework; path = System/Library/Frameworks/Foundation.framework; sourceTree = SDKROOT; };
		CE40B44316EE156900B14200 /* CoreGraphics.framework */ = {isa = PBXFileReference; lastKnownFileType = wrapper.framework; name = CoreGraphics.framework; path = System/Library/Frameworks/CoreGraphics.framework; sourceTree = SDKROOT; };
		CE40B44516EE156900B14200 /* CoreData.framework */ = {isa = PBXFileReference; lastKnownFileType = wrapper.framework; name = CoreData.framework; path = System/Library/Frameworks/CoreData.framework; sourceTree = SDKROOT; };
		CE40B44716EE156900B14200 /* ExampleJSON-Info.plist */ = {isa = PBXFileReference; lastKnownFileType = text.plist.xml; path = "ExampleJSON-Info.plist"; sourceTree = "<group>"; };
		CE40B44816EE156900B14200 /* ExampleJSON-Prefix.pch */ = {isa = PBXFileReference; lastKnownFileType = sourcecode.c.h; path = "ExampleJSON-Prefix.pch"; sourceTree = "<group>"; };
		CE40B44A16EE156900B14200 /* en */ = {isa = PBXFileReference; lastKnownFileType = text.plist.strings; name = en; path = en.lproj/InfoPlist.strings; sourceTree = "<group>"; };
		CE40B44C16EE156900B14200 /* ExampleJSON-main.m */ = {isa = PBXFileReference; lastKnownFileType = sourcecode.c.objc; path = "ExampleJSON-main.m"; sourceTree = "<group>"; };
		CE40B44E16EE156900B14200 /* ExampleJSONAppDelegate.h */ = {isa = PBXFileReference; lastKnownFileType = sourcecode.c.h; path = ExampleJSONAppDelegate.h; sourceTree = "<group>"; };
		CE40B44F16EE156900B14200 /* ExampleJSONAppDelegate.m */ = {isa = PBXFileReference; lastKnownFileType = sourcecode.c.objc; path = ExampleJSONAppDelegate.m; sourceTree = "<group>"; };
		CE40B45116EE156900B14200 /* ExampleJSON.xcdatamodel */ = {isa = PBXFileReference; lastKnownFileType = wrapper.xcdatamodel; path = ExampleJSON.xcdatamodel; sourceTree = "<group>"; };
		CE40B45416EE156900B14200 /* en */ = {isa = PBXFileReference; lastKnownFileType = file.xib; name = en; path = en.lproj/MainWindow.xib; sourceTree = "<group>"; };
		CE40B45616EE156900B14200 /* RootViewController.h */ = {isa = PBXFileReference; lastKnownFileType = sourcecode.c.h; path = RootViewController.h; sourceTree = "<group>"; };
		CE40B45716EE156900B14200 /* RootViewController.m */ = {isa = PBXFileReference; lastKnownFileType = sourcecode.c.objc; path = RootViewController.m; sourceTree = "<group>"; };
		CE40B45A16EE156900B14200 /* en */ = {isa = PBXFileReference; lastKnownFileType = file.xib; name = en; path = en.lproj/RootViewController.xib; sourceTree = "<group>"; };
		CE40B46116EE158600B14200 /* JSON.h */ = {isa = PBXFileReference; fileEncoding = 4; lastKnownFileType = sourcecode.c.h; path = JSON.h; sourceTree = "<group>"; };
		CE40B46216EE158600B14200 /* NSObject+SBJSON.h */ = {isa = PBXFileReference; fileEncoding = 4; lastKnownFileType = sourcecode.c.h; path = "NSObject+SBJSON.h"; sourceTree = "<group>"; };
		CE40B46316EE158600B14200 /* NSObject+SBJSON.m */ = {isa = PBXFileReference; fileEncoding = 4; lastKnownFileType = sourcecode.c.objc; path = "NSObject+SBJSON.m"; sourceTree = "<group>"; };
		CE40B46416EE158600B14200 /* NSString+SBJSON.h */ = {isa = PBXFileReference; fileEncoding = 4; lastKnownFileType = sourcecode.c.h; path = "NSString+SBJSON.h"; sourceTree = "<group>"; };
		CE40B46516EE158600B14200 /* NSString+SBJSON.m */ = {isa = PBXFileReference; fileEncoding = 4; lastKnownFileType = sourcecode.c.objc; path = "NSString+SBJSON.m"; sourceTree = "<group>"; };
		CE40B46616EE158600B14200 /* SBJSON.h */ = {isa = PBXFileReference; fileEncoding = 4; lastKnownFileType = sourcecode.c.h; path = SBJSON.h; sourceTree = "<group>"; };
		CE40B46716EE158600B14200 /* SBJSON.m */ = {isa = PBXFileReference; fileEncoding = 4; lastKnownFileType = sourcecode.c.objc; path = SBJSON.m; sourceTree = "<group>"; };
		CE40B46816EE158600B14200 /* SBJsonBase.h */ = {isa = PBXFileReference; fileEncoding = 4; lastKnownFileType = sourcecode.c.h; path = SBJsonBase.h; sourceTree = "<group>"; };
		CE40B46916EE158600B14200 /* SBJsonBase.m */ = {isa = PBXFileReference; fileEncoding = 4; lastKnownFileType = sourcecode.c.objc; path = SBJsonBase.m; sourceTree = "<group>"; };
		CE40B46A16EE158600B14200 /* SBJsonParser.h */ = {isa = PBXFileReference; fileEncoding = 4; lastKnownFileType = sourcecode.c.h; path = SBJsonParser.h; sourceTree = "<group>"; };
		CE40B46B16EE158600B14200 /* SBJsonParser.m */ = {isa = PBXFileReference; fileEncoding = 4; lastKnownFileType = sourcecode.c.objc; path = SBJsonParser.m; sourceTree = "<group>"; };
		CE40B46C16EE158600B14200 /* SBJsonWriter.h */ = {isa = PBXFileReference; fileEncoding = 4; lastKnownFileType = sourcecode.c.h; path = SBJsonWriter.h; sourceTree = "<group>"; };
		CE40B46D16EE158600B14200 /* SBJsonWriter.m */ = {isa = PBXFileReference; fileEncoding = 4; lastKnownFileType = sourcecode.c.objc; path = SBJsonWriter.m; sourceTree = "<group>"; };
/* End PBXFileReference section */

/* Begin PBXFrameworksBuildPhase section */
		CE40B43916EE156900B14200 /* Frameworks */ = {
			isa = PBXFrameworksBuildPhase;
			buildActionMask = 2147483647;
			files = (
				CE40B44016EE156900B14200 /* UIKit.framework in Frameworks */,
				CE40B44216EE156900B14200 /* Foundation.framework in Frameworks */,
				CE40B44416EE156900B14200 /* CoreGraphics.framework in Frameworks */,
				CE40B44616EE156900B14200 /* CoreData.framework in Frameworks */,
			);
			runOnlyForDeploymentPostprocessing = 0;
		};
/* End PBXFrameworksBuildPhase section */

/* Begin PBXGroup section */
		CE40B42C16EE156900B14200 = {
			isa = PBXGroup;
			children = (
				8DB71E9F1CAF72F4006F0130 /* Default-568h@2x.png */,
				CE40B43316EE156900B14200 /* Models */,
				CE40B43416EE156900B14200 /* Classes */,
				CE40B43516EE156900B14200 /* Other Sources */,
				CE40B43616EE156900B14200 /* Resources */,
				CE40B43716EE156900B14200 /* Frameworks */,
				CE40B43D16EE156900B14200 /* Products */,
			);
			sourceTree = "<group>";
		};
		CE40B43316EE156900B14200 /* Models */ = {
			isa = PBXGroup;
			children = (
				CE40B45116EE156900B14200 /* ExampleJSON.xcdatamodel */,
			);
			name = Models;
			sourceTree = "<group>";
		};
		CE40B43416EE156900B14200 /* Classes */ = {
			isa = PBXGroup;
			children = (
				CE40B46116EE158600B14200 /* JSON.h */,
				CE40B46216EE158600B14200 /* NSObject+SBJSON.h */,
				CE40B46316EE158600B14200 /* NSObject+SBJSON.m */,
				CE40B46416EE158600B14200 /* NSString+SBJSON.h */,
				CE40B46516EE158600B14200 /* NSString+SBJSON.m */,
				CE40B46616EE158600B14200 /* SBJSON.h */,
				CE40B46716EE158600B14200 /* SBJSON.m */,
				CE40B46816EE158600B14200 /* SBJsonBase.h */,
				CE40B46916EE158600B14200 /* SBJsonBase.m */,
				CE40B46A16EE158600B14200 /* SBJsonParser.h */,
				CE40B46B16EE158600B14200 /* SBJsonParser.m */,
				CE40B46C16EE158600B14200 /* SBJsonWriter.h */,
				CE40B46D16EE158600B14200 /* SBJsonWriter.m */,
				CE40B44E16EE156900B14200 /* ExampleJSONAppDelegate.h */,
				CE40B44F16EE156900B14200 /* ExampleJSONAppDelegate.m */,
				CE40B45616EE156900B14200 /* RootViewController.h */,
				CE40B45716EE156900B14200 /* RootViewController.m */,
			);
			path = Classes;
			sourceTree = "<group>";
		};
		CE40B43516EE156900B14200 /* Other Sources */ = {
			isa = PBXGroup;
			children = (
				CE40B44816EE156900B14200 /* ExampleJSON-Prefix.pch */,
				CE40B44C16EE156900B14200 /* ExampleJSON-main.m */,
			);
			name = "Other Sources";
			sourceTree = "<group>";
		};
		CE40B43616EE156900B14200 /* Resources */ = {
			isa = PBXGroup;
			children = (
				CE40B44716EE156900B14200 /* ExampleJSON-Info.plist */,
				CE40B44916EE156900B14200 /* InfoPlist.strings */,
				CE40B45316EE156900B14200 /* MainWindow.xib */,
				CE40B45916EE156900B14200 /* RootViewController.xib */,
			);
			name = Resources;
			sourceTree = "<group>";
		};
		CE40B43716EE156900B14200 /* Frameworks */ = {
			isa = PBXGroup;
			children = (
				CE40B43F16EE156900B14200 /* UIKit.framework */,
				CE40B44116EE156900B14200 /* Foundation.framework */,
				CE40B44316EE156900B14200 /* CoreGraphics.framework */,
				CE40B44516EE156900B14200 /* CoreData.framework */,
			);
			name = Frameworks;
			sourceTree = "<group>";
		};
		CE40B43D16EE156900B14200 /* Products */ = {
			isa = PBXGroup;
			children = (
				CE40B43C16EE156900B14200 /* ExampleJSON.app */,
			);
			name = Products;
			sourceTree = "<group>";
		};
/* End PBXGroup section */

/* Begin PBXNativeTarget section */
		CE40B43B16EE156900B14200 /* ExampleJSON */ = {
			isa = PBXNativeTarget;
			buildConfigurationList = CE40B45E16EE156900B14200 /* Build configuration list for PBXNativeTarget "ExampleJSON" */;
			buildPhases = (
				CE40B43816EE156900B14200 /* Sources */,
				CE40B43916EE156900B14200 /* Frameworks */,
				CE40B43A16EE156900B14200 /* Resources */,
			);
			buildRules = (
			);
			dependencies = (
			);
			name = ExampleJSON;
			productName = ExampleJSON;
			productReference = CE40B43C16EE156900B14200 /* ExampleJSON.app */;
			productType = "com.apple.product-type.application";
		};
/* End PBXNativeTarget section */

/* Begin PBXProject section */
		CE40B42E16EE156900B14200 /* Project object */ = {
			isa = PBXProject;
			attributes = {
				LastUpgradeCheck = 0730;
			};
			buildConfigurationList = CE40B43116EE156900B14200 /* Build configuration list for PBXProject "ExampleJSON" */;
			compatibilityVersion = "Xcode 3.2";
			developmentRegion = English;
			hasScannedForEncodings = 0;
			knownRegions = (
				en,
			);
			mainGroup = CE40B42C16EE156900B14200;
			productRefGroup = CE40B43D16EE156900B14200 /* Products */;
			projectDirPath = "";
			projectRoot = "";
			targets = (
				CE40B43B16EE156900B14200 /* ExampleJSON */,
			);
		};
/* End PBXProject section */

/* Begin PBXResourcesBuildPhase section */
		CE40B43A16EE156900B14200 /* Resources */ = {
			isa = PBXResourcesBuildPhase;
			buildActionMask = 2147483647;
			files = (
				CE40B44B16EE156900B14200 /* InfoPlist.strings in Resources */,
				8DB71EA01CAF72F4006F0130 /* Default-568h@2x.png in Resources */,
				CE40B45516EE156900B14200 /* MainWindow.xib in Resources */,
				CE40B45B16EE156900B14200 /* RootViewController.xib in Resources */,
			);
			runOnlyForDeploymentPostprocessing = 0;
		};
/* End PBXResourcesBuildPhase section */

/* Begin PBXSourcesBuildPhase section */
		CE40B43816EE156900B14200 /* Sources */ = {
			isa = PBXSourcesBuildPhase;
			buildActionMask = 2147483647;
			files = (
				CE40B44D16EE156900B14200 /* ExampleJSON-main.m in Sources */,
				CE40B45016EE156900B14200 /* ExampleJSONAppDelegate.m in Sources */,
				CE40B45216EE156900B14200 /* ExampleJSON.xcdatamodel in Sources */,
				CE40B45816EE156900B14200 /* RootViewController.m in Sources */,
				CE40B46E16EE158600B14200 /* NSObject+SBJSON.m in Sources */,
				CE40B46F16EE158600B14200 /* NSString+SBJSON.m in Sources */,
				CE40B47016EE158600B14200 /* SBJSON.m in Sources */,
				CE40B47116EE158600B14200 /* SBJsonBase.m in Sources */,
				CE40B47216EE158600B14200 /* SBJsonParser.m in Sources */,
				CE40B47316EE158600B14200 /* SBJsonWriter.m in Sources */,
			);
			runOnlyForDeploymentPostprocessing = 0;
		};
/* End PBXSourcesBuildPhase section */

/* Begin PBXVariantGroup section */
		CE40B44916EE156900B14200 /* InfoPlist.strings */ = {
			isa = PBXVariantGroup;
			children = (
				CE40B44A16EE156900B14200 /* en */,
			);
			name = InfoPlist.strings;
			sourceTree = "<group>";
		};
		CE40B45316EE156900B14200 /* MainWindow.xib */ = {
			isa = PBXVariantGroup;
			children = (
				CE40B45416EE156900B14200 /* en */,
			);
			name = MainWindow.xib;
			sourceTree = "<group>";
		};
		CE40B45916EE156900B14200 /* RootViewController.xib */ = {
			isa = PBXVariantGroup;
			children = (
				CE40B45A16EE156900B14200 /* en */,
			);
			name = RootViewController.xib;
			sourceTree = "<group>";
		};
/* End PBXVariantGroup section */

/* Begin XCBuildConfiguration section */
		CE40B45C16EE156900B14200 /* Debug */ = {
			isa = XCBuildConfiguration;
			buildSettings = {
				"CODE_SIGN_IDENTITY[sdk=iphoneos*]" = "iPhone Developer";
				ENABLE_TESTABILITY = YES;
				GCC_C_LANGUAGE_STANDARD = gnu99;
				GCC_OPTIMIZATION_LEVEL = 0;
				GCC_PREPROCESSOR_DEFINITIONS = DEBUG;
				GCC_WARN_ABOUT_RETURN_TYPE = YES;
				GCC_WARN_UNUSED_VARIABLE = YES;
				IPHONEOS_DEPLOYMENT_TARGET = 4.0;
				ONLY_ACTIVE_ARCH = YES;
				PREBINDING = NO;
				SDKROOT = iphoneos;
			};
			name = Debug;
		};
		CE40B45D16EE156900B14200 /* Release */ = {
			isa = XCBuildConfiguration;
			buildSettings = {
				"CODE_SIGN_IDENTITY[sdk=iphoneos*]" = "iPhone Developer";
				GCC_C_LANGUAGE_STANDARD = gnu99;
				GCC_WARN_ABOUT_RETURN_TYPE = YES;
				GCC_WARN_UNUSED_VARIABLE = YES;
				IPHONEOS_DEPLOYMENT_TARGET = 4.0;
				OTHER_CFLAGS = "-DNS_BLOCK_ASSERTIONS=1";
				PREBINDING = NO;
				SDKROOT = iphoneos;
			};
			name = Release;
		};
		CE40B45F16EE156900B14200 /* Debug */ = {
			isa = XCBuildConfiguration;
			buildSettings = {
				ALWAYS_SEARCH_USER_PATHS = NO;
				COPY_PHASE_STRIP = NO;
				GCC_DYNAMIC_NO_PIC = NO;
				GCC_PRECOMPILE_PREFIX_HEADER = YES;
				GCC_PREFIX_HEADER = "ExampleJSON-Prefix.pch";
				INFOPLIST_FILE = "ExampleJSON-Info.plist";
				IPHONEOS_DEPLOYMENT_TARGET = 8.1;
				PRODUCT_BUNDLE_IDENTIFIER = "MacCourse.${PRODUCT_NAME:rfc1034identifier}";
				PRODUCT_NAME = "$(TARGET_NAME)";
				WRAPPER_EXTENSION = app;
			};
			name = Debug;
		};
		CE40B46016EE156900B14200 /* Release */ = {
			isa = XCBuildConfiguration;
			buildSettings = {
				ALWAYS_SEARCH_USER_PATHS = NO;
				COPY_PHASE_STRIP = YES;
				GCC_PRECOMPILE_PREFIX_HEADER = YES;
				GCC_PREFIX_HEADER = "ExampleJSON-Prefix.pch";
				INFOPLIST_FILE = "ExampleJSON-Info.plist";
				IPHONEOS_DEPLOYMENT_TARGET = 8.1;
				PRODUCT_BUNDLE_IDENTIFIER = "MacCourse.${PRODUCT_NAME:rfc1034identifier}";
				PRODUCT_NAME = "$(TARGET_NAME)";
				VALIDATE_PRODUCT = YES;
				WRAPPER_EXTENSION = app;
			};
			name = Release;
		};
/* End XCBuildConfiguration section */

/* Begin XCConfigurationList section */
		CE40B43116EE156900B14200 /* Build configuration list for PBXProject "ExampleJSON" */ = {
			isa = XCConfigurationList;
			buildConfigurations = (
				CE40B45C16EE156900B14200 /* Debug */,
				CE40B45D16EE156900B14200 /* Release */,
			);
			defaultConfigurationIsVisible = 0;
			defaultConfigurationName = Release;
		};
		CE40B45E16EE156900B14200 /* Build configuration list for PBXNativeTarget "ExampleJSON" */ = {
			isa = XCConfigurationList;
			buildConfigurations = (
				CE40B45F16EE156900B14200 /* Debug */,
				CE40B46016EE156900B14200 /* Release */,
			);
			defaultConfigurationIsVisible = 0;
			defaultConfigurationName = Release;
		};
/* End XCConfigurationList section */
	};
	rootObject = CE40B42E16EE156900B14200 /* Project object */;
}
